// !$*UTF8*$!
{
	archiveVersion = 1;
	classes = {
	};
	objectVersion = 77;
	objects = {

/* Begin PBXBuildFile section */
		AA42E7642EB6BFF900E8EC0C /* StoreKit.framework in Frameworks */ = {isa = PBXBuildFile; fileRef = AA42E7632EB6BFF900E8EC0C /* StoreKit.framework */; };
/* End PBXBuildFile section */

/* Begin PBXContainerItemProxy section */
		AAC5A0062E99B3EE002623C8 /* PBXContainerItemProxy */ = {
			isa = PBXContainerItemProxy;
			containerPortal = AAC59FEA2E99B3EC002623C8 /* Project object */;
			proxyType = 1;
			remoteGlobalIDString = AAC59FF12E99B3EC002623C8;
			remoteInfo = Offleaf;
		};
		AAC5A0102E99B3EE002623C8 /* PBXContainerItemProxy */ = {
			isa = PBXContainerItemProxy;
			containerPortal = AAC59FEA2E99B3EC002623C8 /* Project object */;
			proxyType = 1;
			remoteGlobalIDString = AAC59FF12E99B3EC002623C8;
			remoteInfo = Offleaf;
		};
/* End PBXContainerItemProxy section */

/* Begin PBXFileReference section */
		AA42E7632EB6BFF900E8EC0C /* StoreKit.framework */ = {isa = PBXFileReference; lastKnownFileType = wrapper.framework; name = StoreKit.framework; path = System/Library/Frameworks/StoreKit.framework; sourceTree = SDKROOT; };
		AA6D727A2ECE9F2700592F09 /* Offleaf.xcodeproj */ = {isa = PBXFileReference; lastKnownFileType = "wrapper.pb-project"; path = Offleaf.xcodeproj; sourceTree = "<group>"; };
		AAC59FF22E99B3EC002623C8 /* Offleaf.app */ = {isa = PBXFileReference; explicitFileType = wrapper.application; includeInIndex = 0; path = Offleaf.app; sourceTree = BUILT_PRODUCTS_DIR; };
		AAC5A0052E99B3EE002623C8 /* OffleafTests.xctest */ = {isa = PBXFileReference; explicitFileType = wrapper.cfbundle; includeInIndex = 0; path = OffleafTests.xctest; sourceTree = BUILT_PRODUCTS_DIR; };
		AAC5A00F2E99B3EE002623C8 /* OffleafUITests.xctest */ = {isa = PBXFileReference; explicitFileType = wrapper.cfbundle; includeInIndex = 0; path = OffleafUITests.xctest; sourceTree = BUILT_PRODUCTS_DIR; };
		AAEB3CF22ECBF8320060E4AF /* Offleaf.xcodeproj */ = {isa = PBXFileReference; lastKnownFileType = "wrapper.pb-project"; path = Offleaf.xcodeproj; sourceTree = "<group>"; };
/* End PBXFileReference section */

/* Begin PBXFileSystemSynchronizedRootGroup section */
		AAC59FF42E99B3EC002623C8 /* Offleaf */ = {
			isa = PBXFileSystemSynchronizedRootGroup;
			path = Offleaf;
			sourceTree = "<group>";
		};
		AAC5A0082E99B3EE002623C8 /* OffleafTests */ = {
			isa = PBXFileSystemSynchronizedRootGroup;
			path = OffleafTests;
			sourceTree = "<group>";
		};
		AAC5A0122E99B3EE002623C8 /* OffleafUITests */ = {
			isa = PBXFileSystemSynchronizedRootGroup;
			path = OffleafUITests;
			sourceTree = "<group>";
		};
/* End PBXFileSystemSynchronizedRootGroup section */

/* Begin PBXFrameworksBuildPhase section */
		AAC59FEF2E99B3EC002623C8 /* Frameworks */ = {
			isa = PBXFrameworksBuildPhase;
			buildActionMask = 2147483647;
			files = (
				AA42E7642EB6BFF900E8EC0C /* StoreKit.framework in Frameworks */,
			);
			runOnlyForDeploymentPostprocessing = 0;
		};
		AAC5A0022E99B3EE002623C8 /* Frameworks */ = {
			isa = PBXFrameworksBuildPhase;
			buildActionMask = 2147483647;
			files = (
			);
			runOnlyForDeploymentPostprocessing = 0;
		};
		AAC5A00C2E99B3EE002623C8 /* Frameworks */ = {
			isa = PBXFrameworksBuildPhase;
			buildActionMask = 2147483647;
			files = (
			);
			runOnlyForDeploymentPostprocessing = 0;
		};
/* End PBXFrameworksBuildPhase section */

/* Begin PBXGroup section */
		AA42E7622EB6BFF900E8EC0C /* Frameworks */ = {
			isa = PBXGroup;
			children = (
				AA42E7632EB6BFF900E8EC0C /* StoreKit.framework */,
			);
			name = Frameworks;
			sourceTree = "<group>";
		};
		AA6D727D2ECE9F2700592F09 /* Products */ = {
			isa = PBXGroup;
			children = (
			);
			name = Products;
			sourceTree = "<group>";
		};
		AAC59FE92E99B3EC002623C8 = {
			isa = PBXGroup;
			children = (
				AAC59FF42E99B3EC002623C8 /* Offleaf */,
				AAC5A0082E99B3EE002623C8 /* OffleafTests */,
				AAC5A0122E99B3EE002623C8 /* OffleafUITests */,
				AA42E7622EB6BFF900E8EC0C /* Frameworks */,
				AAC59FF32E99B3EC002623C8 /* Products */,
			);
			sourceTree = "<group>";
		};
		AAC59FF32E99B3EC002623C8 /* Products */ = {
			isa = PBXGroup;
			children = (
				AAC59FF22E99B3EC002623C8 /* Offleaf.app */,
				AAC5A0052E99B3EE002623C8 /* OffleafTests.xctest */,
				AAC5A00F2E99B3EE002623C8 /* OffleafUITests.xctest */,
			);
			name = Products;
			sourceTree = "<group>";
		};
		AAEB3CF32ECBF8320060E4AF /* Products */ = {
			isa = PBXGroup;
			children = (
			);
			name = Products;
			sourceTree = "<group>";
		};
/* End PBXGroup section */

/* Begin PBXNativeTarget section */
		AAC59FF12E99B3EC002623C8 /* Offleaf */ = {
			isa = PBXNativeTarget;
			buildConfigurationList = AAC5A0192E99B3EE002623C8 /* Build configuration list for PBXNativeTarget "Offleaf" */;
			buildPhases = (
				AAC59FEE2E99B3EC002623C8 /* Sources */,
				AAC59FEF2E99B3EC002623C8 /* Frameworks */,
				AAC59FF02E99B3EC002623C8 /* Resources */,
			);
			buildRules = (
			);
			dependencies = (
			);
			fileSystemSynchronizedGroups = (
				AAC59FF42E99B3EC002623C8 /* Offleaf */,
			);
			name = Offleaf;
			packageProductDependencies = (
			);
			productName = Offleaf;
			productReference = AAC59FF22E99B3EC002623C8 /* Offleaf.app */;
			productType = "com.apple.product-type.application";
		};
		AAC5A0042E99B3EE002623C8 /* OffleafTests */ = {
			isa = PBXNativeTarget;
			buildConfigurationList = AAC5A01C2E99B3EE002623C8 /* Build configuration list for PBXNativeTarget "OffleafTests" */;
			buildPhases = (
				AAC5A0012E99B3EE002623C8 /* Sources */,
				AAC5A0022E99B3EE002623C8 /* Frameworks */,
				AAC5A0032E99B3EE002623C8 /* Resources */,
			);
			buildRules = (
			);
			dependencies = (
				AAC5A0072E99B3EE002623C8 /* PBXTargetDependency */,
			);
			fileSystemSynchronizedGroups = (
				AAC5A0082E99B3EE002623C8 /* OffleafTests */,
			);
			name = OffleafTests;
			packageProductDependencies = (
			);
			productName = OffleafTests;
			productReference = AAC5A0052E99B3EE002623C8 /* OffleafTests.xctest */;
			productType = "com.apple.product-type.bundle.unit-test";
		};
		AAC5A00E2E99B3EE002623C8 /* OffleafUITests */ = {
			isa = PBXNativeTarget;
			buildConfigurationList = AAC5A01F2E99B3EE002623C8 /* Build configuration list for PBXNativeTarget "OffleafUITests" */;
			buildPhases = (
				AAC5A00B2E99B3EE002623C8 /* Sources */,
				AAC5A00C2E99B3EE002623C8 /* Frameworks */,
				AAC5A00D2E99B3EE002623C8 /* Resources */,
			);
			buildRules = (
			);
			dependencies = (
				AAC5A0112E99B3EE002623C8 /* PBXTargetDependency */,
			);
			fileSystemSynchronizedGroups = (
				AAC5A0122E99B3EE002623C8 /* OffleafUITests */,
			);
			name = OffleafUITests;
			packageProductDependencies = (
			);
			productName = OffleafUITests;
			productReference = AAC5A00F2E99B3EE002623C8 /* OffleafUITests.xctest */;
			productType = "com.apple.product-type.bundle.ui-testing";
		};
/* End PBXNativeTarget section */

/* Begin PBXProject section */
		AAC59FEA2E99B3EC002623C8 /* Project object */ = {
			isa = PBXProject;
			attributes = {
				BuildIndependentTargetsInParallel = 1;
				LastSwiftUpdateCheck = 1620;
				LastUpgradeCheck = 1620;
				TargetAttributes = {
					AAC59FF12E99B3EC002623C8 = {
						CreatedOnToolsVersion = 16.2;
					};
					AAC5A0042E99B3EE002623C8 = {
						CreatedOnToolsVersion = 16.2;
						TestTargetID = AAC59FF12E99B3EC002623C8;
					};
					AAC5A00E2E99B3EE002623C8 = {
						CreatedOnToolsVersion = 16.2;
						TestTargetID = AAC59FF12E99B3EC002623C8;
					};
				};
			};
			buildConfigurationList = AAC59FED2E99B3EC002623C8 /* Build configuration list for PBXProject "Offleaf" */;
			developmentRegion = en;
			hasScannedForEncodings = 0;
			knownRegions = (
				en,
				Base,
			);
			mainGroup = AAC59FE92E99B3EC002623C8;
			minimizedProjectReferenceProxies = 1;
			preferredProjectObjectVersion = 77;
			productRefGroup = AAC59FF32E99B3EC002623C8 /* Products */;
			projectDirPath = "";
			projectReferences = (
				{
					ProductGroup = AAEB3CF32ECBF8320060E4AF /* Products */;
					ProjectRef = AAEB3CF22ECBF8320060E4AF /* Offleaf.xcodeproj */;
				},
				{
					ProductGroup = AA6D727D2ECE9F2700592F09 /* Products */;
					ProjectRef = AA6D727A2ECE9F2700592F09 /* Offleaf.xcodeproj */;
				},
			);
			projectRoot = "";
			targets = (
				AAC59FF12E99B3EC002623C8 /* Offleaf */,
				AAC5A0042E99B3EE002623C8 /* OffleafTests */,
				AAC5A00E2E99B3EE002623C8 /* OffleafUITests */,
			);
		};
/* End PBXProject section */

/* Begin PBXResourcesBuildPhase section */
		AAC59FF02E99B3EC002623C8 /* Resources */ = {
			isa = PBXResourcesBuildPhase;
			buildActionMask = 2147483647;
			files = (
			);
			runOnlyForDeploymentPostprocessing = 0;
		};
		AAC5A0032E99B3EE002623C8 /* Resources */ = {
			isa = PBXResourcesBuildPhase;
			buildActionMask = 2147483647;
			files = (
			);
			runOnlyForDeploymentPostprocessing = 0;
		};
		AAC5A00D2E99B3EE002623C8 /* Resources */ = {
			isa = PBXResourcesBuildPhase;
			buildActionMask = 2147483647;
			files = (
			);
			runOnlyForDeploymentPostprocessing = 0;
		};
/* End PBXResourcesBuildPhase section */

/* Begin PBXSourcesBuildPhase section */
		AAC59FEE2E99B3EC002623C8 /* Sources */ = {
			isa = PBXSourcesBuildPhase;
			buildActionMask = 2147483647;
			files = (
			);
			runOnlyForDeploymentPostprocessing = 0;
		};
		AAC5A0012E99B3EE002623C8 /* Sources */ = {
			isa = PBXSourcesBuildPhase;
			buildActionMask = 2147483647;
			files = (
			);
			runOnlyForDeploymentPostprocessing = 0;
		};
		AAC5A00B2E99B3EE002623C8 /* Sources */ = {
			isa = PBXSourcesBuildPhase;
			buildActionMask = 2147483647;
			files = (
			);
			runOnlyForDeploymentPostprocessing = 0;
		};
/* End PBXSourcesBuildPhase section */

/* Begin PBXTargetDependency section */
		AAC5A0072E99B3EE002623C8 /* PBXTargetDependency */ = {
			isa = PBXTargetDependency;
			target = AAC59FF12E99B3EC002623C8 /* Offleaf */;
			targetProxy = AAC5A0062E99B3EE002623C8 /* PBXContainerItemProxy */;
		};
		AAC5A0112E99B3EE002623C8 /* PBXTargetDependency */ = {
			isa = PBXTargetDependency;
			target = AAC59FF12E99B3EC002623C8 /* Offleaf */;
			targetProxy = AAC5A0102E99B3EE002623C8 /* PBXContainerItemProxy */;
		};
/* End PBXTargetDependency section */

/* Begin XCBuildConfiguration section */
		AAC5A0172E99B3EE002623C8 /* Debug */ = {
			isa = XCBuildConfiguration;
			buildSettings = {
				ALWAYS_SEARCH_USER_PATHS = NO;
				ASSETCATALOG_COMPILER_GENERATE_SWIFT_ASSET_SYMBOL_EXTENSIONS = YES;
				CLANG_ANALYZER_NONNULL = YES;
				CLANG_ANALYZER_NUMBER_OBJECT_CONVERSION = YES_AGGRESSIVE;
				CLANG_CXX_LANGUAGE_STANDARD = "gnu++20";
				CLANG_ENABLE_MODULES = YES;
				CLANG_ENABLE_OBJC_ARC = YES;
				CLANG_ENABLE_OBJC_WEAK = YES;
				CLANG_WARN_BLOCK_CAPTURE_AUTORELEASING = YES;
				CLANG_WARN_BOOL_CONVERSION = YES;
				CLANG_WARN_COMMA = YES;
				CLANG_WARN_CONSTANT_CONVERSION = YES;
				CLANG_WARN_DEPRECATED_OBJC_IMPLEMENTATIONS = YES;
				CLANG_WARN_DIRECT_OBJC_ISA_USAGE = YES_ERROR;
				CLANG_WARN_DOCUMENTATION_COMMENTS = YES;
				CLANG_WARN_EMPTY_BODY = YES;
				CLANG_WARN_ENUM_CONVERSION = YES;
				CLANG_WARN_INFINITE_RECURSION = YES;
				CLANG_WARN_INT_CONVERSION = YES;
				CLANG_WARN_NON_LITERAL_NULL_CONVERSION = YES;
				CLANG_WARN_OBJC_IMPLICIT_RETAIN_SELF = YES;
				CLANG_WARN_OBJC_LITERAL_CONVERSION = YES;
				CLANG_WARN_OBJC_ROOT_CLASS = YES_ERROR;
				CLANG_WARN_QUOTED_INCLUDE_IN_FRAMEWORK_HEADER = YES;
				CLANG_WARN_RANGE_LOOP_ANALYSIS = YES;
				CLANG_WARN_STRICT_PROTOTYPES = YES;
				CLANG_WARN_SUSPICIOUS_MOVE = YES;
				CLANG_WARN_UNGUARDED_AVAILABILITY = YES_AGGRESSIVE;
				CLANG_WARN_UNREACHABLE_CODE = YES;
				CLANG_WARN__DUPLICATE_METHOD_MATCH = YES;
				COPY_PHASE_STRIP = NO;
				DEBUG_INFORMATION_FORMAT = dwarf;
				ENABLE_STRICT_OBJC_MSGSEND = YES;
				ENABLE_TESTABILITY = YES;
				ENABLE_USER_SCRIPT_SANDBOXING = YES;
				GCC_C_LANGUAGE_STANDARD = gnu17;
				GCC_DYNAMIC_NO_PIC = NO;
				GCC_NO_COMMON_BLOCKS = YES;
				GCC_OPTIMIZATION_LEVEL = 0;
				GCC_PREPROCESSOR_DEFINITIONS = (
					"DEBUG=1",
					"$(inherited)",
				);
				GCC_WARN_64_TO_32_BIT_CONVERSION = YES;
				GCC_WARN_ABOUT_RETURN_TYPE = YES_ERROR;
				GCC_WARN_UNDECLARED_SELECTOR = YES;
				GCC_WARN_UNINITIALIZED_AUTOS = YES_AGGRESSIVE;
				GCC_WARN_UNUSED_FUNCTION = YES;
				GCC_WARN_UNUSED_VARIABLE = YES;
				LOCALIZATION_PREFERS_STRING_CATALOGS = YES;
				MTL_ENABLE_DEBUG_INFO = INCLUDE_SOURCE;
				MTL_FAST_MATH = YES;
				ONLY_ACTIVE_ARCH = YES;
				SWIFT_ACTIVE_COMPILATION_CONDITIONS = "DEBUG $(inherited)";
				SWIFT_OPTIMIZATION_LEVEL = "-Onone";
			};
			name = Debug;
		};
		AAC5A0182E99B3EE002623C8 /* Release */ = {
			isa = XCBuildConfiguration;
			buildSettings = {
				ALWAYS_SEARCH_USER_PATHS = NO;
				ASSETCATALOG_COMPILER_GENERATE_SWIFT_ASSET_SYMBOL_EXTENSIONS = YES;
				CLANG_ANALYZER_NONNULL = YES;
				CLANG_ANALYZER_NUMBER_OBJECT_CONVERSION = YES_AGGRESSIVE;
				CLANG_CXX_LANGUAGE_STANDARD = "gnu++20";
				CLANG_ENABLE_MODULES = YES;
				CLANG_ENABLE_OBJC_ARC = YES;
				CLANG_ENABLE_OBJC_WEAK = YES;
				CLANG_WARN_BLOCK_CAPTURE_AUTORELEASING = YES;
				CLANG_WARN_BOOL_CONVERSION = YES;
				CLANG_WARN_COMMA = YES;
				CLANG_WARN_CONSTANT_CONVERSION = YES;
				CLANG_WARN_DEPRECATED_OBJC_IMPLEMENTATIONS = YES;
				CLANG_WARN_DIRECT_OBJC_ISA_USAGE = YES_ERROR;
				CLANG_WARN_DOCUMENTATION_COMMENTS = YES;
				CLANG_WARN_EMPTY_BODY = YES;
				CLANG_WARN_ENUM_CONVERSION = YES;
				CLANG_WARN_INFINITE_RECURSION = YES;
				CLANG_WARN_INT_CONVERSION = YES;
				CLANG_WARN_NON_LITERAL_NULL_CONVERSION = YES;
				CLANG_WARN_OBJC_IMPLICIT_RETAIN_SELF = YES;
				CLANG_WARN_OBJC_LITERAL_CONVERSION = YES;
				CLANG_WARN_OBJC_ROOT_CLASS = YES_ERROR;
				CLANG_WARN_QUOTED_INCLUDE_IN_FRAMEWORK_HEADER = YES;
				CLANG_WARN_RANGE_LOOP_ANALYSIS = YES;
				CLANG_WARN_STRICT_PROTOTYPES = YES;
				CLANG_WARN_SUSPICIOUS_MOVE = YES;
				CLANG_WARN_UNGUARDED_AVAILABILITY = YES_AGGRESSIVE;
				CLANG_WARN_UNREACHABLE_CODE = YES;
				CLANG_WARN__DUPLICATE_METHOD_MATCH = YES;
				COPY_PHASE_STRIP = NO;
				DEBUG_INFORMATION_FORMAT = "dwarf-with-dsym";
				ENABLE_NS_ASSERTIONS = NO;
				ENABLE_STRICT_OBJC_MSGSEND = YES;
				ENABLE_USER_SCRIPT_SANDBOXING = YES;
				GCC_C_LANGUAGE_STANDARD = gnu17;
				GCC_NO_COMMON_BLOCKS = YES;
				GCC_WARN_64_TO_32_BIT_CONVERSION = YES;
				GCC_WARN_ABOUT_RETURN_TYPE = YES_ERROR;
				GCC_WARN_UNDECLARED_SELECTOR = YES;
				GCC_WARN_UNINITIALIZED_AUTOS = YES_AGGRESSIVE;
				GCC_WARN_UNUSED_FUNCTION = YES;
				GCC_WARN_UNUSED_VARIABLE = YES;
				LOCALIZATION_PREFERS_STRING_CATALOGS = YES;
				MTL_ENABLE_DEBUG_INFO = NO;
				MTL_FAST_MATH = YES;
				SWIFT_COMPILATION_MODE = wholemodule;
			};
			name = Release;
		};
		AAC5A01A2E99B3EE002623C8 /* Debug */ = {
			isa = XCBuildConfiguration;
			buildSettings = {
				ASSETCATALOG_COMPILER_APPICON_NAME = AppIcon;
				ASSETCATALOG_COMPILER_GLOBAL_ACCENT_COLOR_NAME = AccentColor;
				CODE_SIGN_ENTITLEMENTS = Offleaf/Offleaf.entitlements;
				CODE_SIGN_STYLE = Automatic;
				CURRENT_PROJECT_VERSION = 10;
				DEVELOPMENT_ASSET_PATHS = "\"Offleaf/Preview Content\"";
				DEVELOPMENT_TEAM = Y6HQQ535H7;
				ENABLE_HARDENED_RUNTIME = YES;
				ENABLE_PREVIEWS = YES;
				GENERATE_INFOPLIST_FILE = YES;
				INFOPLIST_KEY_NSCameraUsageDescription = "Offleaf uses the camera so you can save a promise photo and stay motivated.";
				INFOPLIST_KEY_NSPhotoLibraryUsageDescription = "Offleaf needs access to your photo library to let you choose a promise photo that keeps you motivated.";
				"INFOPLIST_KEY_UIApplicationSceneManifest_Generation[sdk=iphoneos*]" = YES;
				"INFOPLIST_KEY_UIApplicationSceneManifest_Generation[sdk=iphonesimulator*]" = YES;
				"INFOPLIST_KEY_UIApplicationSupportsIndirectInputEvents[sdk=iphoneos*]" = YES;
				"INFOPLIST_KEY_UIApplicationSupportsIndirectInputEvents[sdk=iphonesimulator*]" = YES;
				"INFOPLIST_KEY_UILaunchScreen_Generation[sdk=iphoneos*]" = YES;
				"INFOPLIST_KEY_UILaunchScreen_Generation[sdk=iphonesimulator*]" = YES;
				"INFOPLIST_KEY_UIStatusBarStyle[sdk=iphoneos*]" = UIStatusBarStyleDefault;
				"INFOPLIST_KEY_UIStatusBarStyle[sdk=iphonesimulator*]" = UIStatusBarStyleDefault;
				INFOPLIST_KEY_UISupportedInterfaceOrientations_iPad = "UIInterfaceOrientationPortrait UIInterfaceOrientationPortraitUpsideDown UIInterfaceOrientationLandscapeLeft UIInterfaceOrientationLandscapeRight";
				INFOPLIST_KEY_UISupportedInterfaceOrientations_iPhone = UIInterfaceOrientationPortrait;
				IPHONEOS_DEPLOYMENT_TARGET = 17.2;
				LD_RUNPATH_SEARCH_PATHS = "@executable_path/Frameworks";
				"LD_RUNPATH_SEARCH_PATHS[sdk=macosx*]" = "@executable_path/../Frameworks";
				MACOSX_DEPLOYMENT_TARGET = 14.0;
				MARKETING_VERSION = 1.4;
				PRODUCT_BUNDLE_IDENTIFIER = io.Offleaf;
				PRODUCT_NAME = "$(TARGET_NAME)";
				SDKROOT = auto;
				SUPPORTED_PLATFORMS = "iphoneos iphonesimulator macosx xros xrsimulator";
				SWIFT_EMIT_LOC_STRINGS = YES;
				SWIFT_VERSION = 5.0;
				TARGETED_DEVICE_FAMILY = "1,2,7";
				XROS_DEPLOYMENT_TARGET = 2.2;
			};
			name = Debug;
		};
		AAC5A01B2E99B3EE002623C8 /* Release */ = {
			isa = XCBuildConfiguration;
			buildSettings = {
				ASSETCATALOG_COMPILER_APPICON_NAME = AppIcon;
				ASSETCATALOG_COMPILER_GLOBAL_ACCENT_COLOR_NAME = AccentColor;
				CODE_SIGN_ENTITLEMENTS = Offleaf/Offleaf.entitlements;
				CODE_SIGN_STYLE = Automatic;
				CURRENT_PROJECT_VERSION = 10;
				DEVELOPMENT_ASSET_PATHS = "\"Offleaf/Preview Content\"";
				DEVELOPMENT_TEAM = Y6HQQ535H7;
				ENABLE_HARDENED_RUNTIME = YES;
				ENABLE_PREVIEWS = YES;
				GENERATE_INFOPLIST_FILE = YES;
				INFOPLIST_KEY_NSCameraUsageDescription = "Offleaf uses the camera so you can save a promise photo and stay motivated.";
				INFOPLIST_KEY_NSPhotoLibraryUsageDescription = "Offleaf needs access to your photo library to let you choose a promise photo that keeps you motivated.";
				"INFOPLIST_KEY_UIApplicationSceneManifest_Generation[sdk=iphoneos*]" = YES;
				"INFOPLIST_KEY_UIApplicationSceneManifest_Generation[sdk=iphonesimulator*]" = YES;
				"INFOPLIST_KEY_UIApplicationSupportsIndirectInputEvents[sdk=iphoneos*]" = YES;
				"INFOPLIST_KEY_UIApplicationSupportsIndirectInputEvents[sdk=iphonesimulator*]" = YES;
				"INFOPLIST_KEY_UILaunchScreen_Generation[sdk=iphoneos*]" = YES;
				"INFOPLIST_KEY_UILaunchScreen_Generation[sdk=iphonesimulator*]" = YES;
				"INFOPLIST_KEY_UIStatusBarStyle[sdk=iphoneos*]" = UIStatusBarStyleDefault;
				"INFOPLIST_KEY_UIStatusBarStyle[sdk=iphonesimulator*]" = UIStatusBarStyleDefault;
				INFOPLIST_KEY_UISupportedInterfaceOrientations_iPad = "UIInterfaceOrientationPortrait UIInterfaceOrientationPortraitUpsideDown UIInterfaceOrientationLandscapeLeft UIInterfaceOrientationLandscapeRight";
				INFOPLIST_KEY_UISupportedInterfaceOrientations_iPhone = UIInterfaceOrientationPortrait;
				IPHONEOS_DEPLOYMENT_TARGET = 17.2;
				LD_RUNPATH_SEARCH_PATHS = "@executable_path/Frameworks";
				"LD_RUNPATH_SEARCH_PATHS[sdk=macosx*]" = "@executable_path/../Frameworks";
				MACOSX_DEPLOYMENT_TARGET = 14.0;
				MARKETING_VERSION = 1.4;
				PRODUCT_BUNDLE_IDENTIFIER = io.Offleaf;
				PRODUCT_NAME = "$(TARGET_NAME)";
				SDKROOT = auto;
				SUPPORTED_PLATFORMS = "iphoneos iphonesimulator macosx xros xrsimulator";
				SWIFT_EMIT_LOC_STRINGS = YES;
				SWIFT_VERSION = 5.0;
				TARGETED_DEVICE_FAMILY = "1,2,7";
				XROS_DEPLOYMENT_TARGET = 2.2;
			};
			name = Release;
		};
		AAC5A01D2E99B3EE002623C8 /* Debug */ = {
			isa = XCBuildConfiguration;
			buildSettings = {
				BUNDLE_LOADER = "$(TEST_HOST)";
				CODE_SIGN_STYLE = Automatic;
				CURRENT_PROJECT_VERSION = 1;
				DEVELOPMENT_TEAM = Y6HQQ535H7;
				GENERATE_INFOPLIST_FILE = YES;
				IPHONEOS_DEPLOYMENT_TARGET = 17.2;
				MACOSX_DEPLOYMENT_TARGET = 14.6;
				MARKETING_VERSION = 1.1;
				PRODUCT_BUNDLE_IDENTIFIER = io.OffleafTests;
				PRODUCT_NAME = "$(TARGET_NAME)";
				SDKROOT = auto;
				SUPPORTED_PLATFORMS = "iphoneos iphonesimulator macosx xros xrsimulator";
				SWIFT_EMIT_LOC_STRINGS = NO;
				SWIFT_VERSION = 5.0;
				TARGETED_DEVICE_FAMILY = "1,2,7";
				TEST_HOST = "$(BUILT_PRODUCTS_DIR)/Offleaf.app/$(BUNDLE_EXECUTABLE_FOLDER_PATH)/Offleaf";
				XROS_DEPLOYMENT_TARGET = 2.2;
			};
			name = Debug;
		};
		AAC5A01E2E99B3EE002623C8 /* Release */ = {
			isa = XCBuildConfiguration;
			buildSettings = {
				BUNDLE_LOADER = "$(TEST_HOST)";
				CODE_SIGN_STYLE = Automatic;
				CURRENT_PROJECT_VERSION = 1;
				DEVELOPMENT_TEAM = Y6HQQ535H7;
				GENERATE_INFOPLIST_FILE = YES;
				IPHONEOS_DEPLOYMENT_TARGET = 17.2;
				MACOSX_DEPLOYMENT_TARGET = 14.6;
				MARKETING_VERSION = 1.1;
				PRODUCT_BUNDLE_IDENTIFIER = io.OffleafTests;
				PRODUCT_NAME = "$(TARGET_NAME)";
				SDKROOT = auto;
				SUPPORTED_PLATFORMS = "iphoneos iphonesimulator macosx xros xrsimulator";
				SWIFT_EMIT_LOC_STRINGS = NO;
				SWIFT_VERSION = 5.0;
				TARGETED_DEVICE_FAMILY = "1,2,7";
				TEST_HOST = "$(BUILT_PRODUCTS_DIR)/Offleaf.app/$(BUNDLE_EXECUTABLE_FOLDER_PATH)/Offleaf";
				XROS_DEPLOYMENT_TARGET = 2.2;
			};
			name = Release;
		};
		AAC5A0202E99B3EE002623C8 /* Debug */ = {
			isa = XCBuildConfiguration;
			buildSettings = {
				CODE_SIGN_STYLE = Automatic;
				CURRENT_PROJECT_VERSION = 1;
				DEVELOPMENT_TEAM = Y6HQQ535H7;
				GENERATE_INFOPLIST_FILE = YES;
				IPHONEOS_DEPLOYMENT_TARGET = 17.2;
				MACOSX_DEPLOYMENT_TARGET = 14.6;
				MARKETING_VERSION = 1.1;
				PRODUCT_BUNDLE_IDENTIFIER = io.OffleafUITests;
				PRODUCT_NAME = "$(TARGET_NAME)";
				SDKROOT = auto;
				SUPPORTED_PLATFORMS = "iphoneos iphonesimulator macosx xros xrsimulator";
				SWIFT_EMIT_LOC_STRINGS = NO;
				SWIFT_VERSION = 5.0;
				TARGETED_DEVICE_FAMILY = "1,2,7";
				TEST_TARGET_NAME = Offleaf;
				XROS_DEPLOYMENT_TARGET = 2.2;
			};
			name = Debug;
		};
		AAC5A0212E99B3EE002623C8 /* Release */ = {
			isa = XCBuildConfiguration;
			buildSettings = {
				CODE_SIGN_STYLE = Automatic;
				CURRENT_PROJECT_VERSION = 1;
				DEVELOPMENT_TEAM = Y6HQQ535H7;
				GENERATE_INFOPLIST_FILE = YES;
				IPHONEOS_DEPLOYMENT_TARGET = 17.2;
				MACOSX_DEPLOYMENT_TARGET = 14.6;
				MARKETING_VERSION = 1.1;
				PRODUCT_BUNDLE_IDENTIFIER = io.OffleafUITests;
				PRODUCT_NAME = "$(TARGET_NAME)";
				SDKROOT = auto;
				SUPPORTED_PLATFORMS = "iphoneos iphonesimulator macosx xros xrsimulator";
				SWIFT_EMIT_LOC_STRINGS = NO;
				SWIFT_VERSION = 5.0;
				TARGETED_DEVICE_FAMILY = "1,2,7";
				TEST_TARGET_NAME = Offleaf;
				XROS_DEPLOYMENT_TARGET = 2.2;
			};
			name = Release;
		};
/* End XCBuildConfiguration section */

/* Begin XCConfigurationList section */
		AAC59FED2E99B3EC002623C8 /* Build configuration list for PBXProject "Offleaf" */ = {
			isa = XCConfigurationList;
			buildConfigurations = (
				AAC5A0172E99B3EE002623C8 /* Debug */,
				AAC5A0182E99B3EE002623C8 /* Release */,
			);
			defaultConfigurationIsVisible = 0;
			defaultConfigurationName = Release;
		};
		AAC5A0192E99B3EE002623C8 /* Build configuration list for PBXNativeTarget "Offleaf" */ = {
			isa = XCConfigurationList;
			buildConfigurations = (
				AAC5A01A2E99B3EE002623C8 /* Debug */,
				AAC5A01B2E99B3EE002623C8 /* Release */,
			);
			defaultConfigurationIsVisible = 0;
			defaultConfigurationName = Release;
		};
		AAC5A01C2E99B3EE002623C8 /* Build configuration list for PBXNativeTarget "OffleafTests" */ = {
			isa = XCConfigurationList;
			buildConfigurations = (
				AAC5A01D2E99B3EE002623C8 /* Debug */,
				AAC5A01E2E99B3EE002623C8 /* Release */,
			);
			defaultConfigurationIsVisible = 0;
			defaultConfigurationName = Release;
		};
		AAC5A01F2E99B3EE002623C8 /* Build configuration list for PBXNativeTarget "OffleafUITests" */ = {
			isa = XCConfigurationList;
			buildConfigurations = (
				AAC5A0202E99B3EE002623C8 /* Debug */,
				AAC5A0212E99B3EE002623C8 /* Release */,
			);
			defaultConfigurationIsVisible = 0;
			defaultConfigurationName = Release;
		};
/* End XCConfigurationList section */
	};
	rootObject = AAC59FEA2E99B3EC002623C8 /* Project object */;
}
